
Microsoft Visual Studio Solution File, Format Version 12.00
# Visual Studio Version 17
VisualStudioVersion = 17.8.34511.84
MinimumVisualStudioVersion = 10.0.40219.1
Project("{FAE04EC0-301F-11D3-BF4B-00C04F79EFBC}") = "FileComparer", "FileComparer\FileComparer.csproj", "{12AEE2C2-C795-4052-9956-EC4FA45F96FC}"
EndProject
Global
	GlobalSection(SolutionConfigurationPlatforms) = preSolution
		Debug|Any CPU = Debug|Any CPU
		Release|Any CPU = Release|Any CPU
	EndGlobalSection
	GlobalSection(ProjectConfigurationPlatforms) = postSolution
		{12AEE2C2-C795-4052-9956-EC4FA45F96FC}.Debug|Any CPU.ActiveCfg = Debug|Any CPU
		{12AEE2C2-C795-4052-9956-EC4FA45F96FC}.Debug|Any CPU.Build.0 = Debug|Any CPU
		{12AEE2C2-C795-4052-9956-EC4FA45F96FC}.Release|Any CPU.ActiveCfg = Release|Any CPU
		{12AEE2C2-C795-4052-9956-EC4FA45F96FC}.Release|Any CPU.Build.0 = Release|Any CPU
	EndGlobalSection
	GlobalSection(SolutionProperties) = preSolution
		HideSolutionNode = FALSE
	EndGlobalSection
	GlobalSection(ExtensibilityGlobals) = postSolution
		SolutionGuid = {F3DC3F3A-1981-4063-86A7-3555339B83E3}
	EndGlobalSection
EndGlobal
